
Microsoft Visual Studio Solution File, Format Version 12.00
# Visual Studio Version 16
VisualStudioVersion = 16.0.30320.27
MinimumVisualStudioVersion = 10.0.40219.1
Project("{FAE04EC0-301F-11D3-BF4B-00C04F79EFBC}") = "GDC_database_app", "GDC_database_app\GDC_database_app.csproj", "{B0441D2E-FB75-481D-B8E7-1BFB17079070}"
EndProject
Global
	GlobalSection(SolutionConfigurationPlatforms) = preSolution
		Debug|Any CPU = Debug|Any CPU
		Release|Any CPU = Release|Any CPU
	EndGlobalSection
	GlobalSection(ProjectConfigurationPlatforms) = postSolution
		{B0441D2E-FB75-481D-B8E7-1BFB17079070}.Debug|Any CPU.ActiveCfg = Debug|Any CPU
		{B0441D2E-FB75-481D-B8E7-1BFB17079070}.Debug|Any CPU.Build.0 = Debug|Any CPU
		{B0441D2E-FB75-481D-B8E7-1BFB17079070}.Release|Any CPU.ActiveCfg = Release|Any CPU
		{B0441D2E-FB75-481D-B8E7-1BFB17079070}.Release|Any CPU.Build.0 = Release|Any CPU
	EndGlobalSection
	GlobalSection(SolutionProperties) = preSolution
		HideSolutionNode = FALSE
	EndGlobalSection
	GlobalSection(ExtensibilityGlobals) = postSolution
		SolutionGuid = {A85F9045-A6DD-4042-9496-3E1CB7D87891}
	EndGlobalSection
EndGlobal
